<?xml version="1.0" encoding="UTF-8"?>
<Scheme
   LastUpgradeVersion = "0630"
   version = "2.0">
   <BuildAction
      parallelizeBuildables = "YES"
      buildImplicitDependencies = "YES">
      <BuildActionEntries>
         <BuildActionEntry
            buildForTesting = "YES"
            buildForRunning = "YES"
            buildForProfiling = "YES"
            buildForArchiving = "YES"
            buildForAnalyzing = "YES">
            <BuildableReference
               BuildableIdentifier = "primary"
               BlueprintIdentifier = "DA028AB51AFC1BAB000ED3B2"
               BuildableName = "Silent Metronome WatchKit App.app"
               BlueprintName = "Silent Metronome WatchKit App"
               ReferencedContainer = "container:Silent Metronome.xcodeproj">
            </BuildableReference>
         </BuildActionEntry>
         <BuildActionEntry
            buildForTesting = "YES"
            buildForRunning = "YES"
            buildForProfiling = "YES"
            buildForArchiving = "YES"
            buildForAnalyzing = "YES">
            <BuildableReference
               BuildableIdentifier = "primary"
               BlueprintIdentifier = "DA028AA81AFC1BAB000ED3B2"
               BuildableName = "Silent Metronome WatchKit Extension.appex"
               BlueprintName = "Silent Metronome WatchKit Extension"
               ReferencedContainer = "container:Silent Metronome.xcodeproj">
            </BuildableReference>
         </BuildActionEntry>
         <BuildActionEntry
            buildForTesting = "YES"
            buildForRunning = "YES"
            buildForProfiling = "YES"
            buildForArchiving = "YES"
            buildForAnalyzing = "YES">
            <BuildableReference
               BuildableIdentifier = "primary"
               BlueprintIdentifier = "DA00500E1AC714BE0078709F"
               BuildableName = "Silent Metronome.app"
               BlueprintName = "Silent Metronome"
               ReferencedContainer = "container:Silent Metronome.xcodeproj">
            </BuildableReference>
         </BuildActionEntry>
      </BuildActionEntries>
   </BuildAction>
   <TestAction
      selectedDebuggerIdentifier = "Xcode.DebuggerFoundation.Debugger.LLDB"
      selectedLauncherIdentifier = "Xcode.DebuggerFoundation.Launcher.LLDB"
      shouldUseLaunchSchemeArgsEnv = "YES"
      buildConfiguration = "Debug">
      <Testables>
      </Testables>
      <MacroExpansion>
         <BuildableReference
            BuildableIdentifier = "primary"
            BlueprintIdentifier = "DA028AB51AFC1BAB000ED3B2"
            BuildableName = "Silent Metronome WatchKit App.app"
            BlueprintName = "Silent Metronome WatchKit App"
            ReferencedContainer = "container:Silent Metronome.xcodeproj">
         </BuildableReference>
      </MacroExpansion>
   </TestAction>
   <LaunchAction
      selectedDebuggerIdentifier = "Xcode.DebuggerFoundation.Debugger.LLDB"
      selectedLauncherIdentifier = "Xcode.DebuggerFoundation.Launcher.LLDB"
      launchStyle = "0"
      useCustomWorkingDirectory = "NO"
      buildConfiguration = "Debug"
      ignoresPersistentStateOnLaunch = "NO"
      debugDocumentVersioning = "YES"
      allowLocationSimulation = "YES"
      launchAutomaticallySubstyle = "8"
      notificationPayloadFile = "Silent Metronome WatchKit Extension/PushNotificationPayload.apns">
      <RemoteRunnable
         runnableDebuggingMode = "2"
         BundleIdentifier = "com.apple.springboard"
         RemotePath = "/Silent Metronome">
         <BuildableReference
            BuildableIdentifier = "primary"
            BlueprintIdentifier = "DA028AB51AFC1BAB000ED3B2"
            BuildableName = "Silent Metronome WatchKit App.app"
            BlueprintName = "Silent Metronome WatchKit App"
            ReferencedContainer = "container:Silent Metronome.xcodeproj">
         </BuildableReference>
      </RemoteRunnable>
      <MacroExpansion>
         <BuildableReference
            BuildableIdentifier = "primary"
            BlueprintIdentifier = "DA028AB51AFC1BAB000ED3B2"
            BuildableName = "Silent Metronome WatchKit App.app"
            BlueprintName = "Silent Metronome WatchKit App"
            ReferencedContainer = "container:Silent Metronome.xcodeproj">
         </BuildableReference>
      </MacroExpansion>
      <AdditionalOptions>
      </AdditionalOptions>
   </LaunchAction>
   <ProfileAction
      shouldUseLaunchSchemeArgsEnv = "YES"
      savedToolIdentifier = ""
      useCustomWorkingDirectory = "NO"
      buildConfiguration = "Release"
      debugDocumentVersioning = "YES"
      launchAutomaticallySubstyle = "8"
      notificationPayloadFile = "Silent Metronome WatchKit Extension/PushNotificationPayload.apns">
      <RemoteRunnable
         runnableDebuggingMode = "2"
         BundleIdentifier = "com.apple.springboard"
         RemotePath = "/Silent Metronome">
         <BuildableReference
            BuildableIdentifier = "primary"
            BlueprintIdentifier = "DA028AB51AFC1BAB000ED3B2"
            BuildableName = "Silent Metronome WatchKit App.app"
            BlueprintName = "Silent Metronome WatchKit App"
            ReferencedContainer = "container:Silent Metronome.xcodeproj">
         </BuildableReference>
      </RemoteRunnable>
      <MacroExpansion>
         <BuildableReference
            BuildableIdentifier = "primary"
            BlueprintIdentifier = "DA028AB51AFC1BAB000ED3B2"
            BuildableName = "Silent Metronome WatchKit App.app"
            BlueprintName = "Silent Metronome WatchKit App"
            ReferencedContainer = "container:Silent Metronome.xcodeproj">
         </BuildableReference>
      </MacroExpansion>
   </ProfileAction>
   <AnalyzeAction
      buildConfiguration = "Debug">
   </AnalyzeAction>
   <ArchiveAction
      buildConfiguration = "Release"
      revealArchiveInOrganizer = "YES">
   </ArchiveAction>
</Scheme>
